
Microsoft Visual Studio Solution File, Format Version 12.00
# Visual Studio Version 16
VisualStudioVersion = 16.0.33027.164
MinimumVisualStudioVersion = 10.0.40219.1
Project("{FAE04EC0-301F-11D3-BF4B-00C04F79EFBC}") = "U4_DCOMCliente", "U4_DCOMCliente\U4_DCOMCliente.csproj", "{A0A6ED46-72B3-48FD-A3F6-E3AA656B6322}"
EndProject
Global
	GlobalSection(SolutionConfigurationPlatforms) = preSolution
		Debug|Any CPU = Debug|Any CPU
		Release|Any CPU = Release|Any CPU
	EndGlobalSection
	GlobalSection(ProjectConfigurationPlatforms) = postSolution
		{A0A6ED46-72B3-48FD-A3F6-E3AA656B6322}.Debug|Any CPU.ActiveCfg = Debug|Any CPU
		{A0A6ED46-72B3-48FD-A3F6-E3AA656B6322}.Debug|Any CPU.Build.0 = Debug|Any CPU
		{A0A6ED46-72B3-48FD-A3F6-E3AA656B6322}.Release|Any CPU.ActiveCfg = Release|Any CPU
		{A0A6ED46-72B3-48FD-A3F6-E3AA656B6322}.Release|Any CPU.Build.0 = Release|Any CPU
	EndGlobalSection
	GlobalSection(SolutionProperties) = preSolution
		HideSolutionNode = FALSE
	EndGlobalSection
	GlobalSection(ExtensibilityGlobals) = postSolution
		SolutionGuid = {A965FDF0-7D8E-4617-AFF8-D371847EC6A4}
	EndGlobalSection
EndGlobal
